
Microsoft Visual Studio Solution File, Format Version 12.00
# Visual Studio Version 17
VisualStudioVersion = 17.8.34322.80
MinimumVisualStudioVersion = 10.0.40219.1
Project("{FAE04EC0-301F-11D3-BF4B-00C04F79EFBC}") = "FactoryPattern", "FactoryPattern\FactoryPattern.csproj", "{E2E0E6D2-846C-47A8-9D32-DAC9626E7EF6}"
EndProject
Global
	GlobalSection(SolutionConfigurationPlatforms) = preSolution
		Debug|Any CPU = Debug|Any CPU
		Release|Any CPU = Release|Any CPU
	EndGlobalSection
	GlobalSection(ProjectConfigurationPlatforms) = postSolution
		{E2E0E6D2-846C-47A8-9D32-DAC9626E7EF6}.Debug|Any CPU.ActiveCfg = Debug|Any CPU
		{E2E0E6D2-846C-47A8-9D32-DAC9626E7EF6}.Debug|Any CPU.Build.0 = Debug|Any CPU
		{E2E0E6D2-846C-47A8-9D32-DAC9626E7EF6}.Release|Any CPU.ActiveCfg = Release|Any CPU
		{E2E0E6D2-846C-47A8-9D32-DAC9626E7EF6}.Release|Any CPU.Build.0 = Release|Any CPU
	EndGlobalSection
	GlobalSection(SolutionProperties) = preSolution
		HideSolutionNode = FALSE
	EndGlobalSection
	GlobalSection(ExtensibilityGlobals) = postSolution
		SolutionGuid = {23F13438-D766-402C-B833-E445A3949298}
	EndGlobalSection
EndGlobal
